{
  "name": "agapov-blog",
  "version": "1.0.0",
  "lockfileVersion": 2,
  "requires": true,
  "packages": {
    "": {
      "name": "agapov-blog",
      "version": "1.0.0",
      "license": "ISC",
      "dependencies": {
        "tocbot": "^4.12.3"
      },
      "devDependencies": {}
    },
    "node_modules/tocbot": {
      "version": "4.12.3",
      "resolved": "https://registry.npmjs.org/tocbot/-/tocbot-4.12.3.tgz",
      "integrity": "sha512-1uA4rNZgY3a9OjwmIV076ksNr72PdxlLj7DD+0pKXUh1vNf6/GRL8nJT4ZtmhX9NRVPLPOehe0NEmwf2ukDTSg=="
    }
  },
  "dependencies": {
    "tocbot": {
      "version": "4.12.3",
      "resolved": "https://registry.npmjs.org/tocbot/-/tocbot-4.12.3.tgz",
      "integrity": "sha512-1uA4rNZgY3a9OjwmIV076ksNr72PdxlLj7DD+0pKXUh1vNf6/GRL8nJT4ZtmhX9NRVPLPOehe0NEmwf2ukDTSg=="
    }
  }
}
